
Microsoft Visual Studio Solution File, Format Version 12.00
# Visual Studio Version 17
VisualStudioVersion = 17.0.32126.317
MinimumVisualStudioVersion = 10.0.40219.1
Project("{9A19103F-16F7-4668-BE54-9A1E7A4F7556}") = "SLMM", "SLMM\SLMM.csproj", "{8B346B86-44A1-44A9-81A1-29F25B74E702}"
EndProject
Project("{9A19103F-16F7-4668-BE54-9A1E7A4F7556}") = "SLMM.Test", "SLMM.Test\SLMM.Test.csproj", "{DA3AA285-4C23-42BB-9367-9086B30051A7}"
EndProject
Project("{2150E333-8FDC-42A3-9474-1A3956D46DE8}") = "Solution Items", "Solution Items", "{D584ED6D-02DA-4435-826D-910D8D506830}"
	ProjectSection(SolutionItems) = preProject
		ReadMe.md = ReadMe.md
	EndProjectSection
EndProject
Global
	GlobalSection(SolutionConfigurationPlatforms) = preSolution
		Debug|Any CPU = Debug|Any CPU
		Release|Any CPU = Release|Any CPU
	EndGlobalSection
	GlobalSection(ProjectConfigurationPlatforms) = postSolution
		{8B346B86-44A1-44A9-81A1-29F25B74E702}.Debug|Any CPU.ActiveCfg = Debug|Any CPU
		{8B346B86-44A1-44A9-81A1-29F25B74E702}.Debug|Any CPU.Build.0 = Debug|Any CPU
		{8B346B86-44A1-44A9-81A1-29F25B74E702}.Release|Any CPU.ActiveCfg = Release|Any CPU
		{8B346B86-44A1-44A9-81A1-29F25B74E702}.Release|Any CPU.Build.0 = Release|Any CPU
		{DA3AA285-4C23-42BB-9367-9086B30051A7}.Debug|Any CPU.ActiveCfg = Debug|Any CPU
		{DA3AA285-4C23-42BB-9367-9086B30051A7}.Debug|Any CPU.Build.0 = Debug|Any CPU
		{DA3AA285-4C23-42BB-9367-9086B30051A7}.Release|Any CPU.ActiveCfg = Release|Any CPU
		{DA3AA285-4C23-42BB-9367-9086B30051A7}.Release|Any CPU.Build.0 = Release|Any CPU
	EndGlobalSection
	GlobalSection(SolutionProperties) = preSolution
		HideSolutionNode = FALSE
	EndGlobalSection
	GlobalSection(ExtensibilityGlobals) = postSolution
		SolutionGuid = {D12BB0F0-261F-403A-8B5C-E97515F9B95B}
	EndGlobalSection
EndGlobal
